
Microsoft Visual Studio Solution File, Format Version 12.00
# Visual Studio Version 17
VisualStudioVersion = 17.8.34322.80
MinimumVisualStudioVersion = 10.0.40219.1
Project("{2150E333-8FDC-42A3-9474-1A3956D46DE8}") = "01_Backend", "01_Backend", "{570CD114-8F1B-4617-A2D5-A6A668E10B79}"
EndProject
Project("{2150E333-8FDC-42A3-9474-1A3956D46DE8}") = "02_Frontend", "02_Frontend", "{CE4C5AFD-E3D8-4536-A113-CC527A496072}"
EndProject
Project("{2150E333-8FDC-42A3-9474-1A3956D46DE8}") = "03_Common", "03_Common", "{29E3A606-C199-4992-BB18-C93EFB8C7522}"
EndProject
Project("{9A19103F-16F7-4668-BE54-9A1E7A4F7556}") = "ResponseFramework", "ResponseFramework\ResponseFramework.csproj", "{246610E5-1239-4D65-A459-D204BEFF269B}"
EndProject
Project("{9A19103F-16F7-4668-BE54-9A1E7A4F7556}") = "PublicTools", "PublicTools\PublicTools.csproj", "{58AC8525-1F85-4B28-895E-A44C5888CB7B}"
EndProject
Project("{2150E333-8FDC-42A3-9474-1A3956D46DE8}") = "01_Endpoint", "01_Endpoint", "{AB429C0D-B90D-47C3-B447-8199861952D3}"
EndProject
Project("{2150E333-8FDC-42A3-9474-1A3956D46DE8}") = "02_Application", "02_Application", "{5E5A6482-1A61-4DDC-9495-0E9EF86389ED}"
EndProject
Project("{2150E333-8FDC-42A3-9474-1A3956D46DE8}") = "03_Domain", "03_Domain", "{3994B58E-40B6-412B-B200-4F776F9A1E5C}"
EndProject
Project("{2150E333-8FDC-42A3-9474-1A3956D46DE8}") = "04_Infrastructure", "04_Infrastructure", "{D58F029F-3DA7-4361-BBAF-48EEBA7F554C}"
EndProject
Project("{9A19103F-16F7-4668-BE54-9A1E7A4F7556}") = "OnlineshopDmain", "OnlineshopDmain\OnlineshopDmain.csproj", "{466CE398-8876-4A30-AA67-E5DF85E15A10}"
EndProject
Project("{9A19103F-16F7-4668-BE54-9A1E7A4F7556}") = "Onlineshop.EFCore", "Onlineshop.EFCore\Onlineshop.EFCore.csproj", "{D7856F36-1B4E-4084-BE5A-DE920138D3C3}"
EndProject
Project("{9A19103F-16F7-4668-BE54-9A1E7A4F7556}") = "Onlineshope.RepositoryDesignPttern", "Onlineshope.RepositoryDesignPttern\Onlineshope.RepositoryDesignPttern.csproj", "{25B87F55-1ED2-45E1-BF03-E22B33B8C843}"
EndProject
Project("{9A19103F-16F7-4668-BE54-9A1E7A4F7556}") = "OnlineShop.Office.WebApiEndPoint", "OnlineShop.Office.WebApiEndPoint\OnlineShop.Office.WebApiEndPoint.csproj", "{F974DBDF-00BE-47C0-9F64-10D1EF113CDA}"
EndProject
Project("{9A19103F-16F7-4668-BE54-9A1E7A4F7556}") = "OnlineShopBackOfficeApplication", "OnlineShopApplication\OnlineShopBackOfficeApplication.csproj", "{F5174E54-75FD-4522-B507-33D82CD5B262}"
EndProject
Project("{9A19103F-16F7-4668-BE54-9A1E7A4F7556}") = "OnlineShop.BackOffice.WebApiEndPoint", "OnlineShop.BackOffice.WebApiEndPoint\OnlineShop.BackOffice.WebApiEndPoint.csproj", "{0911B5B9-E092-4FE7-9C51-67C3C0E2042D}"
EndProject
Project("{9A19103F-16F7-4668-BE54-9A1E7A4F7556}") = "OnlineShopOfficeApplication", "OnlineShopOfficeApplication\OnlineShopOfficeApplication.csproj", "{1CB04F39-4CAA-4909-B30C-DA5197701BE3}"
EndProject
Global
	GlobalSection(SolutionConfigurationPlatforms) = preSolution
		Debug|Any CPU = Debug|Any CPU
		Release|Any CPU = Release|Any CPU
	EndGlobalSection
	GlobalSection(ProjectConfigurationPlatforms) = postSolution
		{246610E5-1239-4D65-A459-D204BEFF269B}.Debug|Any CPU.ActiveCfg = Debug|Any CPU
		{246610E5-1239-4D65-A459-D204BEFF269B}.Debug|Any CPU.Build.0 = Debug|Any CPU
		{246610E5-1239-4D65-A459-D204BEFF269B}.Release|Any CPU.ActiveCfg = Release|Any CPU
		{246610E5-1239-4D65-A459-D204BEFF269B}.Release|Any CPU.Build.0 = Release|Any CPU
		{58AC8525-1F85-4B28-895E-A44C5888CB7B}.Debug|Any CPU.ActiveCfg = Debug|Any CPU
		{58AC8525-1F85-4B28-895E-A44C5888CB7B}.Debug|Any CPU.Build.0 = Debug|Any CPU
		{58AC8525-1F85-4B28-895E-A44C5888CB7B}.Release|Any CPU.ActiveCfg = Release|Any CPU
		{58AC8525-1F85-4B28-895E-A44C5888CB7B}.Release|Any CPU.Build.0 = Release|Any CPU
		{466CE398-8876-4A30-AA67-E5DF85E15A10}.Debug|Any CPU.ActiveCfg = Debug|Any CPU
		{466CE398-8876-4A30-AA67-E5DF85E15A10}.Debug|Any CPU.Build.0 = Debug|Any CPU
		{466CE398-8876-4A30-AA67-E5DF85E15A10}.Release|Any CPU.ActiveCfg = Release|Any CPU
		{466CE398-8876-4A30-AA67-E5DF85E15A10}.Release|Any CPU.Build.0 = Release|Any CPU
		{D7856F36-1B4E-4084-BE5A-DE920138D3C3}.Debug|Any CPU.ActiveCfg = Debug|Any CPU
		{D7856F36-1B4E-4084-BE5A-DE920138D3C3}.Debug|Any CPU.Build.0 = Debug|Any CPU
		{D7856F36-1B4E-4084-BE5A-DE920138D3C3}.Release|Any CPU.ActiveCfg = Release|Any CPU
		{D7856F36-1B4E-4084-BE5A-DE920138D3C3}.Release|Any CPU.Build.0 = Release|Any CPU
		{25B87F55-1ED2-45E1-BF03-E22B33B8C843}.Debug|Any CPU.ActiveCfg = Debug|Any CPU
		{25B87F55-1ED2-45E1-BF03-E22B33B8C843}.Debug|Any CPU.Build.0 = Debug|Any CPU
		{25B87F55-1ED2-45E1-BF03-E22B33B8C843}.Release|Any CPU.ActiveCfg = Release|Any CPU
		{25B87F55-1ED2-45E1-BF03-E22B33B8C843}.Release|Any CPU.Build.0 = Release|Any CPU
		{F974DBDF-00BE-47C0-9F64-10D1EF113CDA}.Debug|Any CPU.ActiveCfg = Debug|Any CPU
		{F974DBDF-00BE-47C0-9F64-10D1EF113CDA}.Debug|Any CPU.Build.0 = Debug|Any CPU
		{F974DBDF-00BE-47C0-9F64-10D1EF113CDA}.Release|Any CPU.ActiveCfg = Release|Any CPU
		{F974DBDF-00BE-47C0-9F64-10D1EF113CDA}.Release|Any CPU.Build.0 = Release|Any CPU
		{F5174E54-75FD-4522-B507-33D82CD5B262}.Debug|Any CPU.ActiveCfg = Debug|Any CPU
		{F5174E54-75FD-4522-B507-33D82CD5B262}.Debug|Any CPU.Build.0 = Debug|Any CPU
		{F5174E54-75FD-4522-B507-33D82CD5B262}.Release|Any CPU.ActiveCfg = Release|Any CPU
		{F5174E54-75FD-4522-B507-33D82CD5B262}.Release|Any CPU.Build.0 = Release|Any CPU
		{0911B5B9-E092-4FE7-9C51-67C3C0E2042D}.Debug|Any CPU.ActiveCfg = Debug|Any CPU
		{0911B5B9-E092-4FE7-9C51-67C3C0E2042D}.Debug|Any CPU.Build.0 = Debug|Any CPU
		{0911B5B9-E092-4FE7-9C51-67C3C0E2042D}.Release|Any CPU.ActiveCfg = Release|Any CPU
		{0911B5B9-E092-4FE7-9C51-67C3C0E2042D}.Release|Any CPU.Build.0 = Release|Any CPU
		{1CB04F39-4CAA-4909-B30C-DA5197701BE3}.Debug|Any CPU.ActiveCfg = Debug|Any CPU
		{1CB04F39-4CAA-4909-B30C-DA5197701BE3}.Debug|Any CPU.Build.0 = Debug|Any CPU
		{1CB04F39-4CAA-4909-B30C-DA5197701BE3}.Release|Any CPU.ActiveCfg = Release|Any CPU
		{1CB04F39-4CAA-4909-B30C-DA5197701BE3}.Release|Any CPU.Build.0 = Release|Any CPU
	EndGlobalSection
	GlobalSection(SolutionProperties) = preSolution
		HideSolutionNode = FALSE
	EndGlobalSection
	GlobalSection(NestedProjects) = preSolution
		{246610E5-1239-4D65-A459-D204BEFF269B} = {29E3A606-C199-4992-BB18-C93EFB8C7522}
		{58AC8525-1F85-4B28-895E-A44C5888CB7B} = {29E3A606-C199-4992-BB18-C93EFB8C7522}
		{AB429C0D-B90D-47C3-B447-8199861952D3} = {570CD114-8F1B-4617-A2D5-A6A668E10B79}
		{5E5A6482-1A61-4DDC-9495-0E9EF86389ED} = {570CD114-8F1B-4617-A2D5-A6A668E10B79}
		{3994B58E-40B6-412B-B200-4F776F9A1E5C} = {570CD114-8F1B-4617-A2D5-A6A668E10B79}
		{D58F029F-3DA7-4361-BBAF-48EEBA7F554C} = {570CD114-8F1B-4617-A2D5-A6A668E10B79}
		{466CE398-8876-4A30-AA67-E5DF85E15A10} = {3994B58E-40B6-412B-B200-4F776F9A1E5C}
		{D7856F36-1B4E-4084-BE5A-DE920138D3C3} = {D58F029F-3DA7-4361-BBAF-48EEBA7F554C}
		{25B87F55-1ED2-45E1-BF03-E22B33B8C843} = {D58F029F-3DA7-4361-BBAF-48EEBA7F554C}
		{F974DBDF-00BE-47C0-9F64-10D1EF113CDA} = {AB429C0D-B90D-47C3-B447-8199861952D3}
		{F5174E54-75FD-4522-B507-33D82CD5B262} = {5E5A6482-1A61-4DDC-9495-0E9EF86389ED}
		{0911B5B9-E092-4FE7-9C51-67C3C0E2042D} = {AB429C0D-B90D-47C3-B447-8199861952D3}
		{1CB04F39-4CAA-4909-B30C-DA5197701BE3} = {5E5A6482-1A61-4DDC-9495-0E9EF86389ED}
	EndGlobalSection
	GlobalSection(ExtensibilityGlobals) = postSolution
		SolutionGuid = {F15A86BC-72F3-4876-8A4B-C54BB37FEC00}
	EndGlobalSection
EndGlobal
